<?xml version="1.0" encoding="utf-8"?>
<Project ToolsVersion="4.0" xmlns="http://schemas.microsoft.com/developer/msbuild/2003">
  <ItemGroup>
    <Filter Include="SharedLib">
      <UniqueIdentifier>{98a9ab0f-7eb3-4509-95ca-0082561ac2de}</UniqueIdentifier>
    </Filter>
    <Filter Include="MediaServer">
      <UniqueIdentifier>{b0def7a5-c66f-4e31-b3ae-df50b9929b06}</UniqueIdentifier>
    </Filter>
    <Filter Include="MSann">
      <UniqueIdentifier>{83bbed83-86fc-4f5f-8d65-5f4ba79ffb50}</UniqueIdentifier>
    </Filter>
    <Filter Include="SharedLib\Resource">
      <UniqueIdentifier>{ca4f3686-7d50-4b3b-af19-38f51ad0342a}</UniqueIdentifier>
    </Filter>
    <Filter Include="SharedLib\Source">
      <UniqueIdentifier>{dcc8373a-6e07-4bf1-aafa-3a25e98061b6}</UniqueIdentifier>
    </Filter>
    <Filter Include="SharedLib\Header">
      <UniqueIdentifier>{52cb22aa-e349-4117-b502-fd7df570e37d}</UniqueIdentifier>
    </Filter>
    <Filter Include="MediaServer\Source">
      <UniqueIdentifier>{f44a2694-709a-48d0-bcd2-e387a5ea2837}</UniqueIdentifier>
    </Filter>
    <Filter Include="MediaServer\Resource">
      <UniqueIdentifier>{41913094-3d32-48a9-a753-e291e5cf047a}</UniqueIdentifier>
    </Filter>
    <Filter Include="MediaServer\Header">
      <UniqueIdentifier>{dd1d1c1a-ff33-4918-a0d7-8b8d6f4a0f93}</UniqueIdentifier>
    </Filter>
    <Filter Include="MSann\Source">
      <UniqueIdentifier>{d1af8bfd-8f89-4166-b6bb-05314efd6fce}</UniqueIdentifier>
    </Filter>
    <Filter Include="MSann\Resource">
      <UniqueIdentifier>{8c1be90a-80d4-4194-b353-d87f4f29df71}</UniqueIdentifier>
    </Filter>
    <Filter Include="MSann\Header">
      <UniqueIdentifier>{747cd158-f37c-4321-817f-6a1af4239589}</UniqueIdentifier>
    </Filter>
    <Filter Include="MScnf">
      <UniqueIdentifier>{3d96b33b-c197-4f2c-987a-2859c8473248}</UniqueIdentifier>
    </Filter>
    <Filter Include="MScnf\Source">
      <UniqueIdentifier>{bf50ba08-d050-465a-ba44-f67bad285a6e}</UniqueIdentifier>
    </Filter>
    <Filter Include="MScnf\Resource">
      <UniqueIdentifier>{cc13f421-d666-4434-b5b5-f0d631201327}</UniqueIdentifier>
    </Filter>
    <Filter Include="MScnf\Header">
      <UniqueIdentifier>{a917e6c8-2a78-42cd-b0ae-1ad7f2064c33}</UniqueIdentifier>
    </Filter>
    <Filter Include="MSdtmf">
      <UniqueIdentifier>{7abba80a-1694-431b-aaf1-6e7cf43ff23f}</UniqueIdentifier>
    </Filter>
    <Filter Include="MSdtmf\Source">
      <UniqueIdentifier>{05af0fb8-a126-4cb8-9806-e17fe93c9f20}</UniqueIdentifier>
    </Filter>
    <Filter Include="MSdtmf\Resource">
      <UniqueIdentifier>{c0174274-6a8e-4db1-930f-9b302a2fea00}</UniqueIdentifier>
    </Filter>
    <Filter Include="MSdtmf\Header">
      <UniqueIdentifier>{1a2e020c-c30b-44a8-8564-263a2b1c794a}</UniqueIdentifier>
    </Filter>
    <Filter Include="MSmgcp">
      <UniqueIdentifier>{cc024d65-cca9-4fc9-abff-01098e99358f}</UniqueIdentifier>
    </Filter>
    <Filter Include="MSmgcp\Source">
      <UniqueIdentifier>{6f41cc79-51a9-4822-abfe-bbeb6352fc3e}</UniqueIdentifier>
    </Filter>
    <Filter Include="MSmgcp\Resource">
      <UniqueIdentifier>{69ff6fb7-4dae-441b-9810-15a062c2cd8d}</UniqueIdentifier>
    </Filter>
    <Filter Include="MSmgcp\Header">
      <UniqueIdentifier>{7792c5b5-8384-483e-b00d-197118a7576b}</UniqueIdentifier>
    </Filter>
    <Filter Include="MSsip">
      <UniqueIdentifier>{e0a6bb22-df57-48c3-b274-b355d8f58edd}</UniqueIdentifier>
    </Filter>
    <Filter Include="MSsip\Source">
      <UniqueIdentifier>{8d2db48c-1a56-415e-98b2-ee09a6992705}</UniqueIdentifier>
    </Filter>
    <Filter Include="MSsip\Resource">
      <UniqueIdentifier>{6decd4c9-3739-4219-b573-f41df5b9d92e}</UniqueIdentifier>
    </Filter>
    <Filter Include="MSsip\Header">
      <UniqueIdentifier>{2a84f13e-3535-41bc-9318-c591a08b1275}</UniqueIdentifier>
    </Filter>
    <Filter Include="MSreceiver">
      <UniqueIdentifier>{36870b7c-051b-49d5-8a4c-749d026dab68}</UniqueIdentifier>
    </Filter>
  </ItemGroup>
  <ItemGroup>
    <ClCompile Include="stdafx.cpp">
      <Filter>MediaServer\Resource</Filter>
    </ClCompile>
    <ClCompile Include="SharedLib.cpp">
      <Filter>SharedLib\Resource</Filter>
    </ClCompile>
    <ClCompile Include="SL_BasicStructs.cpp">
      <Filter>SharedLib\Source</Filter>
    </ClCompile>
    <ClCompile Include="SL_Config.cpp">
      <Filter>SharedLib\Source</Filter>
    </ClCompile>
    <ClCompile Include="SL_FFMPEG.cpp">
      <Filter>SharedLib\Source</Filter>
    </ClCompile>
    <ClCompile Include="SL_Functions.cpp">
      <Filter>SharedLib\Source</Filter>
    </ClCompile>
    <ClCompile Include="SL_InnerParser.cpp">
      <Filter>SharedLib\Source</Filter>
    </ClCompile>
    <ClCompile Include="SL_Logs.cpp">
      <Filter>SharedLib\Source</Filter>
    </ClCompile>
    <ClCompile Include="SL_NetData.cpp">
      <Filter>SharedLib\Source</Filter>
    </ClCompile>
    <ClCompile Include="SL_SockStorage.cpp">
      <Filter>SharedLib\Source</Filter>
    </ClCompile>
    <ClCompile Include="MSann_Ann.cpp">
      <Filter>MSann\Source</Filter>
    </ClCompile>
    <ClCompile Include="MSann_MusicStore.cpp">
      <Filter>MSann\Source</Filter>
    </ClCompile>
    <ClCompile Include="MScnf_Audio.cpp">
      <Filter>MScnf\Source</Filter>
    </ClCompile>
    <ClCompile Include="MScnf_Cnf.cpp">
      <Filter>MScnf\Source</Filter>
    </ClCompile>
    <ClCompile Include="MScnf_CnfPoint.cpp">
      <Filter>MScnf\Source</Filter>
    </ClCompile>
    <ClCompile Include="MScnf_Filter.cpp">
      <Filter>MScnf\Source</Filter>
    </ClCompile>
    <ClCompile Include="MSdtmf_Point.cpp">
      <Filter>MSdtmf\Source</Filter>
    </ClCompile>
    <ClCompile Include="MSmgcp_Ann.cpp">
      <Filter>MSmgcp\Source</Filter>
    </ClCompile>
    <ClCompile Include="MSmgcp_Cnf.cpp">
      <Filter>MSmgcp\Source</Filter>
    </ClCompile>
    <ClCompile Include="MSmgcp_MGCPparser.cpp">
      <Filter>MSmgcp\Source</Filter>
    </ClCompile>
    <ClCompile Include="MSmgcp_Point.cpp">
      <Filter>MSmgcp\Source</Filter>
    </ClCompile>
    <ClCompile Include="MSsip_Cnf.cpp">
      <Filter>MSsip\Source</Filter>
    </ClCompile>
    <ClCompile Include="MSsip_Point.cpp">
      <Filter>MSsip\Source</Filter>
    </ClCompile>
    <ClCompile Include="MSsip_SIPparser.cpp">
      <Filter>MSsip\Source</Filter>
    </ClCompile>
    <ClCompile Include="MediaServer.cpp">
      <Filter>MediaServer\Source</Filter>
    </ClCompile>
    <ClCompile Include="MSann.cpp">
      <Filter>MSann\Resource</Filter>
    </ClCompile>
    <ClCompile Include="MScnf.cpp">
      <Filter>MScnf\Resource</Filter>
    </ClCompile>
    <ClCompile Include="MSdtmf.cpp">
      <Filter>MSdtmf\Resource</Filter>
    </ClCompile>
    <ClCompile Include="MSreceiver.cpp">
      <Filter>MSreceiver</Filter>
    </ClCompile>
    <ClCompile Include="MSsip.cpp">
      <Filter>MSsip\Resource</Filter>
    </ClCompile>
    <ClCompile Include="MSmgcp.cpp">
      <Filter>MSmgcp\Resource</Filter>
    </ClCompile>
  </ItemGroup>
  <ItemGroup>
    <ClInclude Include="stdafx.h">
      <Filter>MediaServer\Resource</Filter>
    </ClInclude>
    <ClInclude Include="targetver.h">
      <Filter>MediaServer\Resource</Filter>
    </ClInclude>
    <ClInclude Include="SharedLib.h">
      <Filter>SharedLib\Resource</Filter>
    </ClInclude>
    <ClInclude Include="SL_BasicStructs.h">
      <Filter>SharedLib\Header</Filter>
    </ClInclude>
    <ClInclude Include="SL_Config.h">
      <Filter>SharedLib\Header</Filter>
    </ClInclude>
    <ClInclude Include="SL_FFMPEG.h">
      <Filter>SharedLib\Header</Filter>
    </ClInclude>
    <ClInclude Include="SL_Functions.h">
      <Filter>SharedLib\Header</Filter>
    </ClInclude>
    <ClInclude Include="SL_InnerParser.h">
      <Filter>SharedLib\Header</Filter>
    </ClInclude>
    <ClInclude Include="SL_Logs.h">
      <Filter>SharedLib\Header</Filter>
    </ClInclude>
    <ClInclude Include="SL_NetData.h">
      <Filter>SharedLib\Header</Filter>
    </ClInclude>
    <ClInclude Include="SL_SockStorage.h">
      <Filter>SharedLib\Header</Filter>
    </ClInclude>
    <ClInclude Include="MSann_Ann.h">
      <Filter>MSann\Header</Filter>
    </ClInclude>
    <ClInclude Include="MSann_MusicStore.h">
      <Filter>MSann\Header</Filter>
    </ClInclude>
    <ClInclude Include="MScnf_Audio.h">
      <Filter>MScnf\Header</Filter>
    </ClInclude>
    <ClInclude Include="MScnf_Cnf.h">
      <Filter>MScnf\Header</Filter>
    </ClInclude>
    <ClInclude Include="MScnf_CnfPoint.h">
      <Filter>MScnf\Header</Filter>
    </ClInclude>
    <ClInclude Include="MScnf_Filter.h">
      <Filter>MScnf\Header</Filter>
    </ClInclude>
    <ClInclude Include="MSdtmf_Point.h">
      <Filter>MSdtmf\Header</Filter>
    </ClInclude>
    <ClInclude Include="MSmgcp_Ann.h">
      <Filter>MSmgcp\Header</Filter>
    </ClInclude>
    <ClInclude Include="MSmgcp_Cnf.h">
      <Filter>MSmgcp\Header</Filter>
    </ClInclude>
    <ClInclude Include="MSmgcp_MGCPparser.h">
      <Filter>MSmgcp\Header</Filter>
    </ClInclude>
    <ClInclude Include="MSmgcp_Point.h">
      <Filter>MSmgcp\Header</Filter>
    </ClInclude>
    <ClInclude Include="MSsip_Cnf.h">
      <Filter>MSsip\Header</Filter>
    </ClInclude>
    <ClInclude Include="MSsip_Point.h">
      <Filter>MSsip\Header</Filter>
    </ClInclude>
    <ClInclude Include="MSsip_SIPparser.h">
      <Filter>MSsip\Header</Filter>
    </ClInclude>
    <ClInclude Include="MSann.h">
      <Filter>MSann\Resource</Filter>
    </ClInclude>
    <ClInclude Include="MScnf.h">
      <Filter>MScnf\Resource</Filter>
    </ClInclude>
    <ClInclude Include="MSdtmf.h">
      <Filter>MSdtmf\Resource</Filter>
    </ClInclude>
    <ClInclude Include="MSreceiver.h">
      <Filter>MSreceiver</Filter>
    </ClInclude>
    <ClInclude Include="MSsip.h">
      <Filter>MSsip\Resource</Filter>
    </ClInclude>
    <ClInclude Include="MSmgcp.h">
      <Filter>MSmgcp\Resource</Filter>
    </ClInclude>
  </ItemGroup>
</Project>