
Microsoft Visual Studio Solution File, Format Version 12.00
# Visual Studio 2013
VisualStudioVersion = 12.0.21005.1
MinimumVisualStudioVersion = 10.0.40219.1
Project("{2150E333-8FDC-42A3-9474-1A3956D46DE8}") = "Solution Items", "Solution Items", "{D4BDC08C-D99A-4640-B939-8082C8117D78}"
	ProjectSection(SolutionItems) = preProject
		..\..\Users\gapanovich\Desktop\Тесты\MGCPtest\MGCPtest.sln = ..\..\Users\gapanovich\Desktop\Тесты\MGCPtest\MGCPtest.sln
	EndProjectSection
EndProject
Project("{8BC9CEB8-8B4A-11D0-8D11-00A0C91BC942}") = "MediaServer", "MediaServer\MediaServer.vcxproj", "{BFBFE91D-F501-453B-82F7-9E6761B6827C}"
EndProject
Project("{8BC9CEB8-8B4A-11D0-8D11-00A0C91BC942}") = "MScnf", "MScnf\MScnf.vcxproj", "{BD3C107F-D13C-4728-A39F-5FC74F264D31}"
EndProject
Project("{8BC9CEB8-8B4A-11D0-8D11-00A0C91BC942}") = "MSann", "MSann\MSann.vcxproj", "{BB86B07F-BB5B-4DD4-9A3B-CB9F34B988E5}"
EndProject
Project("{8BC9CEB8-8B4A-11D0-8D11-00A0C91BC942}") = "MSmgcp", "MSmgcp\MSmgcp.vcxproj", "{10E56E07-8D8B-4786-8971-A9D92E0322F1}"
EndProject
Global
	GlobalSection(SolutionConfigurationPlatforms) = preSolution
		Debug|Any CPU = Debug|Any CPU
		Debug|Mixed Platforms = Debug|Mixed Platforms
		Debug|Win32 = Debug|Win32
		Release|Any CPU = Release|Any CPU
		Release|Mixed Platforms = Release|Mixed Platforms
		Release|Win32 = Release|Win32
	EndGlobalSection
	GlobalSection(ProjectConfigurationPlatforms) = postSolution
		{BFBFE91D-F501-453B-82F7-9E6761B6827C}.Debug|Any CPU.ActiveCfg = Debug|Win32
		{BFBFE91D-F501-453B-82F7-9E6761B6827C}.Debug|Mixed Platforms.ActiveCfg = Debug|Win32
		{BFBFE91D-F501-453B-82F7-9E6761B6827C}.Debug|Mixed Platforms.Build.0 = Debug|Win32
		{BFBFE91D-F501-453B-82F7-9E6761B6827C}.Debug|Win32.ActiveCfg = Debug|Win32
		{BFBFE91D-F501-453B-82F7-9E6761B6827C}.Debug|Win32.Build.0 = Debug|Win32
		{BFBFE91D-F501-453B-82F7-9E6761B6827C}.Release|Any CPU.ActiveCfg = Release|Win32
		{BFBFE91D-F501-453B-82F7-9E6761B6827C}.Release|Mixed Platforms.ActiveCfg = Release|Win32
		{BFBFE91D-F501-453B-82F7-9E6761B6827C}.Release|Mixed Platforms.Build.0 = Release|Win32
		{BFBFE91D-F501-453B-82F7-9E6761B6827C}.Release|Win32.ActiveCfg = Release|Win32
		{BFBFE91D-F501-453B-82F7-9E6761B6827C}.Release|Win32.Build.0 = Release|Win32
		{BD3C107F-D13C-4728-A39F-5FC74F264D31}.Debug|Any CPU.ActiveCfg = Debug|Win32
		{BD3C107F-D13C-4728-A39F-5FC74F264D31}.Debug|Mixed Platforms.ActiveCfg = Debug|Win32
		{BD3C107F-D13C-4728-A39F-5FC74F264D31}.Debug|Mixed Platforms.Build.0 = Debug|Win32
		{BD3C107F-D13C-4728-A39F-5FC74F264D31}.Debug|Win32.ActiveCfg = Debug|Win32
		{BD3C107F-D13C-4728-A39F-5FC74F264D31}.Debug|Win32.Build.0 = Debug|Win32
		{BD3C107F-D13C-4728-A39F-5FC74F264D31}.Release|Any CPU.ActiveCfg = Release|Win32
		{BD3C107F-D13C-4728-A39F-5FC74F264D31}.Release|Mixed Platforms.ActiveCfg = Release|Win32
		{BD3C107F-D13C-4728-A39F-5FC74F264D31}.Release|Mixed Platforms.Build.0 = Release|Win32
		{BD3C107F-D13C-4728-A39F-5FC74F264D31}.Release|Win32.ActiveCfg = Release|Win32
		{BD3C107F-D13C-4728-A39F-5FC74F264D31}.Release|Win32.Build.0 = Release|Win32
		{BB86B07F-BB5B-4DD4-9A3B-CB9F34B988E5}.Debug|Any CPU.ActiveCfg = Debug|Win32
		{BB86B07F-BB5B-4DD4-9A3B-CB9F34B988E5}.Debug|Mixed Platforms.ActiveCfg = Debug|Win32
		{BB86B07F-BB5B-4DD4-9A3B-CB9F34B988E5}.Debug|Mixed Platforms.Build.0 = Debug|Win32
		{BB86B07F-BB5B-4DD4-9A3B-CB9F34B988E5}.Debug|Win32.ActiveCfg = Debug|Win32
		{BB86B07F-BB5B-4DD4-9A3B-CB9F34B988E5}.Debug|Win32.Build.0 = Debug|Win32
		{BB86B07F-BB5B-4DD4-9A3B-CB9F34B988E5}.Release|Any CPU.ActiveCfg = Release|Win32
		{BB86B07F-BB5B-4DD4-9A3B-CB9F34B988E5}.Release|Mixed Platforms.ActiveCfg = Release|Win32
		{BB86B07F-BB5B-4DD4-9A3B-CB9F34B988E5}.Release|Mixed Platforms.Build.0 = Release|Win32
		{BB86B07F-BB5B-4DD4-9A3B-CB9F34B988E5}.Release|Win32.ActiveCfg = Release|Win32
		{BB86B07F-BB5B-4DD4-9A3B-CB9F34B988E5}.Release|Win32.Build.0 = Release|Win32
		{10E56E07-8D8B-4786-8971-A9D92E0322F1}.Debug|Any CPU.ActiveCfg = Debug|Win32
		{10E56E07-8D8B-4786-8971-A9D92E0322F1}.Debug|Mixed Platforms.ActiveCfg = Debug|Win32
		{10E56E07-8D8B-4786-8971-A9D92E0322F1}.Debug|Mixed Platforms.Build.0 = Debug|Win32
		{10E56E07-8D8B-4786-8971-A9D92E0322F1}.Debug|Win32.ActiveCfg = Debug|Win32
		{10E56E07-8D8B-4786-8971-A9D92E0322F1}.Debug|Win32.Build.0 = Debug|Win32
		{10E56E07-8D8B-4786-8971-A9D92E0322F1}.Release|Any CPU.ActiveCfg = Release|Win32
		{10E56E07-8D8B-4786-8971-A9D92E0322F1}.Release|Mixed Platforms.ActiveCfg = Release|Win32
		{10E56E07-8D8B-4786-8971-A9D92E0322F1}.Release|Mixed Platforms.Build.0 = Release|Win32
		{10E56E07-8D8B-4786-8971-A9D92E0322F1}.Release|Win32.ActiveCfg = Release|Win32
		{10E56E07-8D8B-4786-8971-A9D92E0322F1}.Release|Win32.Build.0 = Release|Win32
	EndGlobalSection
	GlobalSection(SolutionProperties) = preSolution
		HideSolutionNode = FALSE
	EndGlobalSection
EndGlobal
