
Microsoft Visual Studio Solution File, Format Version 12.00
# Visual Studio 2013
VisualStudioVersion = 12.0.40629.0
MinimumVisualStudioVersion = 10.0.40219.1
Project("{8BC9CEB8-8B4A-11D0-8D11-00A0C91BC942}") = "MediaServer", "MediaServer\MediaServer.vcxproj", "{A440B8BD-7E54-4E4C-9558-F6A654DD1043}"
	ProjectSection(ProjectDependencies) = postProject
		{C92DB617-AD76-4B22-B188-B4C2AFBCBD2E} = {C92DB617-AD76-4B22-B188-B4C2AFBCBD2E}
		{82E8AB49-63E3-4EFB-96BD-F0733C1DE3F4} = {82E8AB49-63E3-4EFB-96BD-F0733C1DE3F4}
		{25359365-1764-45CC-99C0-BC53EEABB266} = {25359365-1764-45CC-99C0-BC53EEABB266}
		{FCDE036D-031D-4E97-8BDF-DB51B16954D1} = {FCDE036D-031D-4E97-8BDF-DB51B16954D1}
		{682BB2C9-E143-4795-A18E-F0F847EA9714} = {682BB2C9-E143-4795-A18E-F0F847EA9714}
		{1D576DD7-F386-470D-8999-76BACDC3EBDE} = {1D576DD7-F386-470D-8999-76BACDC3EBDE}
	EndProjectSection
EndProject
Project("{8BC9CEB8-8B4A-11D0-8D11-00A0C91BC942}") = "MSann", "MSann\MSann.vcxproj", "{C92DB617-AD76-4B22-B188-B4C2AFBCBD2E}"
	ProjectSection(ProjectDependencies) = postProject
		{82E8AB49-63E3-4EFB-96BD-F0733C1DE3F4} = {82E8AB49-63E3-4EFB-96BD-F0733C1DE3F4}
	EndProjectSection
EndProject
Project("{8BC9CEB8-8B4A-11D0-8D11-00A0C91BC942}") = "MScnf", "MScnf\MScnf.vcxproj", "{1D576DD7-F386-470D-8999-76BACDC3EBDE}"
	ProjectSection(ProjectDependencies) = postProject
		{82E8AB49-63E3-4EFB-96BD-F0733C1DE3F4} = {82E8AB49-63E3-4EFB-96BD-F0733C1DE3F4}
	EndProjectSection
EndProject
Project("{8BC9CEB8-8B4A-11D0-8D11-00A0C91BC942}") = "MSdtmf", "MSdtmf\MSdtmf.vcxproj", "{FCDE036D-031D-4E97-8BDF-DB51B16954D1}"
	ProjectSection(ProjectDependencies) = postProject
		{82E8AB49-63E3-4EFB-96BD-F0733C1DE3F4} = {82E8AB49-63E3-4EFB-96BD-F0733C1DE3F4}
	EndProjectSection
EndProject
Project("{8BC9CEB8-8B4A-11D0-8D11-00A0C91BC942}") = "MSmgcp", "MSmgcp\MSmgcp.vcxproj", "{682BB2C9-E143-4795-A18E-F0F847EA9714}"
	ProjectSection(ProjectDependencies) = postProject
		{82E8AB49-63E3-4EFB-96BD-F0733C1DE3F4} = {82E8AB49-63E3-4EFB-96BD-F0733C1DE3F4}
	EndProjectSection
EndProject
Project("{8BC9CEB8-8B4A-11D0-8D11-00A0C91BC942}") = "MSsip", "MSsip\MSsip.vcxproj", "{25359365-1764-45CC-99C0-BC53EEABB266}"
	ProjectSection(ProjectDependencies) = postProject
		{82E8AB49-63E3-4EFB-96BD-F0733C1DE3F4} = {82E8AB49-63E3-4EFB-96BD-F0733C1DE3F4}
	EndProjectSection
EndProject
Project("{8BC9CEB8-8B4A-11D0-8D11-00A0C91BC942}") = "SharedLib", "SharedLib\SharedLib.vcxproj", "{82E8AB49-63E3-4EFB-96BD-F0733C1DE3F4}"
EndProject
Global
	GlobalSection(SolutionConfigurationPlatforms) = preSolution
		Debug|Win32 = Debug|Win32
		Release|Win32 = Release|Win32
	EndGlobalSection
	GlobalSection(ProjectConfigurationPlatforms) = postSolution
		{A440B8BD-7E54-4E4C-9558-F6A654DD1043}.Debug|Win32.ActiveCfg = Debug|Win32
		{A440B8BD-7E54-4E4C-9558-F6A654DD1043}.Debug|Win32.Build.0 = Debug|Win32
		{A440B8BD-7E54-4E4C-9558-F6A654DD1043}.Release|Win32.ActiveCfg = Release|Win32
		{A440B8BD-7E54-4E4C-9558-F6A654DD1043}.Release|Win32.Build.0 = Release|Win32
		{C92DB617-AD76-4B22-B188-B4C2AFBCBD2E}.Debug|Win32.ActiveCfg = Debug|Win32
		{C92DB617-AD76-4B22-B188-B4C2AFBCBD2E}.Debug|Win32.Build.0 = Debug|Win32
		{C92DB617-AD76-4B22-B188-B4C2AFBCBD2E}.Release|Win32.ActiveCfg = Release|Win32
		{C92DB617-AD76-4B22-B188-B4C2AFBCBD2E}.Release|Win32.Build.0 = Release|Win32
		{1D576DD7-F386-470D-8999-76BACDC3EBDE}.Debug|Win32.ActiveCfg = Debug|Win32
		{1D576DD7-F386-470D-8999-76BACDC3EBDE}.Debug|Win32.Build.0 = Debug|Win32
		{1D576DD7-F386-470D-8999-76BACDC3EBDE}.Release|Win32.ActiveCfg = Release|Win32
		{1D576DD7-F386-470D-8999-76BACDC3EBDE}.Release|Win32.Build.0 = Release|Win32
		{FCDE036D-031D-4E97-8BDF-DB51B16954D1}.Debug|Win32.ActiveCfg = Debug|Win32
		{FCDE036D-031D-4E97-8BDF-DB51B16954D1}.Debug|Win32.Build.0 = Debug|Win32
		{FCDE036D-031D-4E97-8BDF-DB51B16954D1}.Release|Win32.ActiveCfg = Release|Win32
		{FCDE036D-031D-4E97-8BDF-DB51B16954D1}.Release|Win32.Build.0 = Release|Win32
		{682BB2C9-E143-4795-A18E-F0F847EA9714}.Debug|Win32.ActiveCfg = Debug|Win32
		{682BB2C9-E143-4795-A18E-F0F847EA9714}.Debug|Win32.Build.0 = Debug|Win32
		{682BB2C9-E143-4795-A18E-F0F847EA9714}.Release|Win32.ActiveCfg = Release|Win32
		{682BB2C9-E143-4795-A18E-F0F847EA9714}.Release|Win32.Build.0 = Release|Win32
		{25359365-1764-45CC-99C0-BC53EEABB266}.Debug|Win32.ActiveCfg = Debug|Win32
		{25359365-1764-45CC-99C0-BC53EEABB266}.Debug|Win32.Build.0 = Debug|Win32
		{25359365-1764-45CC-99C0-BC53EEABB266}.Release|Win32.ActiveCfg = Release|Win32
		{25359365-1764-45CC-99C0-BC53EEABB266}.Release|Win32.Build.0 = Release|Win32
		{82E8AB49-63E3-4EFB-96BD-F0733C1DE3F4}.Debug|Win32.ActiveCfg = Debug|Win32
		{82E8AB49-63E3-4EFB-96BD-F0733C1DE3F4}.Debug|Win32.Build.0 = Debug|Win32
		{82E8AB49-63E3-4EFB-96BD-F0733C1DE3F4}.Release|Win32.ActiveCfg = Release|Win32
		{82E8AB49-63E3-4EFB-96BD-F0733C1DE3F4}.Release|Win32.Build.0 = Release|Win32
	EndGlobalSection
	GlobalSection(SolutionProperties) = preSolution
		HideSolutionNode = FALSE
	EndGlobalSection
EndGlobal
