
Microsoft Visual Studio Solution File, Format Version 12.00
# Visual Studio 2013
VisualStudioVersion = 12.0.40629.0
MinimumVisualStudioVersion = 10.0.40219.1
Project("{8BC9CEB8-8B4A-11D0-8D11-00A0C91BC942}") = "MS", "MS\MS.vcxproj", "{30376192-D3DA-4F95-BC65-08D3C37EC6BE}"
EndProject
Global
	GlobalSection(SolutionConfigurationPlatforms) = preSolution
		Debug|Win32 = Debug|Win32
		Release|Win32 = Release|Win32
	EndGlobalSection
	GlobalSection(ProjectConfigurationPlatforms) = postSolution
		{30376192-D3DA-4F95-BC65-08D3C37EC6BE}.Debug|Win32.ActiveCfg = Debug|Win32
		{30376192-D3DA-4F95-BC65-08D3C37EC6BE}.Debug|Win32.Build.0 = Debug|Win32
		{30376192-D3DA-4F95-BC65-08D3C37EC6BE}.Release|Win32.ActiveCfg = Release|Win32
		{30376192-D3DA-4F95-BC65-08D3C37EC6BE}.Release|Win32.Build.0 = Release|Win32
	EndGlobalSection
	GlobalSection(SolutionProperties) = preSolution
		HideSolutionNode = FALSE
	EndGlobalSection
EndGlobal
