<?xml version="1.0" encoding="utf-8"?>
<Project ToolsVersion="4.0" xmlns="http://schemas.microsoft.com/developer/msbuild/2003">
  <ItemGroup>
    <Filter Include="SharedLib">
      <UniqueIdentifier>{27d623c4-474a-4f45-bf0f-e108b662a69a}</UniqueIdentifier>
    </Filter>
    <Filter Include="MAIN">
      <UniqueIdentifier>{93995380-89BD-4b04-88EB-625FBE52EBFB}</UniqueIdentifier>
      <Extensions>h;hh;hpp;hxx;hm;inl;inc;xsd</Extensions>
    </Filter>
    <Filter Include="SharedLib\Basics">
      <UniqueIdentifier>{4d4e5e34-b322-45c0-866e-6ad22371fe0d}</UniqueIdentifier>
    </Filter>
    <Filter Include="SharedLib\Protocols">
      <UniqueIdentifier>{ecf71e33-9369-4e39-84f0-8bacbf89bd94}</UniqueIdentifier>
    </Filter>
    <Filter Include="SharedLib\Interfaces">
      <UniqueIdentifier>{e749814b-ab2d-42b6-8c6a-82d4df3c4691}</UniqueIdentifier>
    </Filter>
    <Filter Include="CoreLogic">
      <UniqueIdentifier>{c114a9e5-dc89-4cca-b3d9-58f4a05b68bf}</UniqueIdentifier>
    </Filter>
    <Filter Include="CoreLogic\MGCP">
      <UniqueIdentifier>{c36c3965-ed14-4eae-babb-b11a313e2747}</UniqueIdentifier>
    </Filter>
    <Filter Include="CoreLogic\SIP">
      <UniqueIdentifier>{f020da9b-ddc8-46f2-adfa-33e8b6846837}</UniqueIdentifier>
    </Filter>
    <Filter Include="CoreLogic\Control">
      <UniqueIdentifier>{a0f3f03c-5a42-4123-8a61-aeaf78176415}</UniqueIdentifier>
    </Filter>
    <Filter Include="CoreLogic\Receiver">
      <UniqueIdentifier>{93bfbb83-53a8-4942-b163-d40a7b9c7a55}</UniqueIdentifier>
    </Filter>
    <Filter Include="CoreLogic\MGCP\Ann">
      <UniqueIdentifier>{0b860604-5ff1-4eee-82fe-6995bacbea23}</UniqueIdentifier>
    </Filter>
    <Filter Include="CoreLogic\MGCP\Cnf">
      <UniqueIdentifier>{723d1b14-202a-47bf-810f-2ae7f402cd65}</UniqueIdentifier>
    </Filter>
    <Filter Include="CoreLogic\MGCP\Prx">
      <UniqueIdentifier>{55d44cdc-79a8-48cc-bb41-90d824056589}</UniqueIdentifier>
    </Filter>
  </ItemGroup>
  <ItemGroup>
    <ClCompile Include="MS2.cpp">
      <Filter>MAIN</Filter>
    </ClCompile>
    <ClCompile Include="stdafx.cpp">
      <Filter>MAIN</Filter>
    </ClCompile>
  </ItemGroup>
  <ItemGroup>
    <ClInclude Include="stdafx.h">
      <Filter>MAIN</Filter>
    </ClInclude>
    <ClInclude Include="SL_RTP.h">
      <Filter>SharedLib\Protocols</Filter>
    </ClInclude>
    <ClInclude Include="SL_DTMF.h">
      <Filter>SharedLib\Protocols</Filter>
    </ClInclude>
    <ClInclude Include="SL_MGCP.h">
      <Filter>SharedLib\Protocols</Filter>
    </ClInclude>
    <ClInclude Include="SL_SDP.h">
      <Filter>SharedLib\Protocols</Filter>
    </ClInclude>
    <ClInclude Include="SL_SIP.h">
      <Filter>SharedLib\Protocols</Filter>
    </ClInclude>
    <ClInclude Include="SL_FFmpeg.h">
      <Filter>SharedLib\Basics</Filter>
    </ClInclude>
    <ClInclude Include="SL_IPL.h">
      <Filter>SharedLib\Protocols</Filter>
    </ClInclude>
    <ClInclude Include="SL_JitterBuffer.h">
      <Filter>SharedLib\Basics</Filter>
    </ClInclude>
    <ClInclude Include="SL_Caller.h">
      <Filter>SharedLib\Interfaces</Filter>
    </ClInclude>
    <ClInclude Include="SL_Time.h">
      <Filter>SharedLib\Basics</Filter>
    </ClInclude>
    <ClInclude Include="SL_Communications.h">
      <Filter>SharedLib\Interfaces</Filter>
    </ClInclude>
    <ClInclude Include="SL_Config.h">
      <Filter>SharedLib\Interfaces</Filter>
    </ClInclude>
    <ClInclude Include="SL_Socket.h">
      <Filter>SharedLib\Interfaces</Filter>
    </ClInclude>
    <ClInclude Include="SL_Log.h">
      <Filter>SharedLib\Interfaces</Filter>
    </ClInclude>
    <ClInclude Include="ModulStore.h">
      <Filter>CoreLogic</Filter>
    </ClInclude>
    <ClInclude Include="CoreMGCP.h">
      <Filter>CoreLogic\MGCP</Filter>
    </ClInclude>
    <ClInclude Include="LogicAnn.h">
      <Filter>CoreLogic\MGCP\Ann</Filter>
    </ClInclude>
    <ClInclude Include="LogicAnnPoint.h">
      <Filter>CoreLogic\MGCP\Ann</Filter>
    </ClInclude>
    <ClInclude Include="SL_All.h">
      <Filter>SharedLib</Filter>
    </ClInclude>
    <ClInclude Include="LogicCnf.h">
      <Filter>CoreLogic\MGCP\Cnf</Filter>
    </ClInclude>
    <ClInclude Include="LogicCnfPoint.h">
      <Filter>CoreLogic\MGCP\Cnf</Filter>
    </ClInclude>
    <ClInclude Include="LogicCnfRoom.h">
      <Filter>CoreLogic\MGCP\Cnf</Filter>
    </ClInclude>
  </ItemGroup>
</Project>